
Microsoft Visual Studio Solution File, Format Version 12.00
# Visual Studio Version 16
VisualStudioVersion = 16.0.31424.327
MinimumVisualStudioVersion = 10.0.40219.1
Project("{9A19103F-16F7-4668-BE54-9A1E7A4F7556}") = "SkBatchAsrClient", "SkBatchAsrClient.csproj", "{0FDF8280-AA19-4681-82D4-F7D9BAAC5F7C}"
EndProject
Global
	GlobalSection(SolutionConfigurationPlatforms) = preSolution
		Debug|Any CPU = Debug|Any CPU
		Release|Any CPU = Release|Any CPU
	EndGlobalSection
	GlobalSection(ProjectConfigurationPlatforms) = postSolution
		{0FDF8280-AA19-4681-82D4-F7D9BAAC5F7C}.Debug|Any CPU.ActiveCfg = Debug|Any CPU
		{0FDF8280-AA19-4681-82D4-F7D9BAAC5F7C}.Debug|Any CPU.Build.0 = Debug|Any CPU
		{0FDF8280-AA19-4681-82D4-F7D9BAAC5F7C}.Release|Any CPU.ActiveCfg = Release|Any CPU
		{0FDF8280-AA19-4681-82D4-F7D9BAAC5F7C}.Release|Any CPU.Build.0 = Release|Any CPU
	EndGlobalSection
	GlobalSection(SolutionProperties) = preSolution
		HideSolutionNode = FALSE
	EndGlobalSection
	GlobalSection(ExtensibilityGlobals) = postSolution
		SolutionGuid = {793C7B0F-0AA1-4612-80F0-BBE1D2E58254}
	EndGlobalSection
EndGlobal
