
Microsoft Visual Studio Solution File, Format Version 12.00
# Visual Studio Version 16
VisualStudioVersion = 16.0.31624.102
MinimumVisualStudioVersion = 10.0.40219.1
Project("{9A19103F-16F7-4668-BE54-9A1E7A4F7556}") = "yc-vision-batch-proc", "yc-vision-batch-proc\yc-vision-batch-proc.csproj", "{95B61EE1-6FBA-495E-91F7-D6E1F7CAE1AD}"
EndProject
Global
	GlobalSection(SolutionConfigurationPlatforms) = preSolution
		Debug|Any CPU = Debug|Any CPU
		Release|Any CPU = Release|Any CPU
	EndGlobalSection
	GlobalSection(ProjectConfigurationPlatforms) = postSolution
		{95B61EE1-6FBA-495E-91F7-D6E1F7CAE1AD}.Debug|Any CPU.ActiveCfg = Debug|Any CPU
		{95B61EE1-6FBA-495E-91F7-D6E1F7CAE1AD}.Debug|Any CPU.Build.0 = Debug|Any CPU
		{95B61EE1-6FBA-495E-91F7-D6E1F7CAE1AD}.Release|Any CPU.ActiveCfg = Release|Any CPU
		{95B61EE1-6FBA-495E-91F7-D6E1F7CAE1AD}.Release|Any CPU.Build.0 = Release|Any CPU
	EndGlobalSection
	GlobalSection(SolutionProperties) = preSolution
		HideSolutionNode = FALSE
	EndGlobalSection
	GlobalSection(ExtensibilityGlobals) = postSolution
		SolutionGuid = {0C74C4E4-FE95-4DB8-9E84-2B2936E2FC6B}
	EndGlobalSection
EndGlobal
