
Microsoft Visual Studio Solution File, Format Version 12.00
# Visual Studio Version 16
VisualStudioVersion = 16.0.31424.327
MinimumVisualStudioVersion = 10.0.40219.1
Project("{9A19103F-16F7-4668-BE54-9A1E7A4F7556}") = "yc-speechkit-streaming-asr", "yc-speechkit-streaming-asr\yc-speechkit-streaming-asr.csproj", "{FDAEF4AC-84E8-4655-9B51-238BB3B307B6}"
EndProject
Project("{9A19103F-16F7-4668-BE54-9A1E7A4F7556}") = "yc-speechkit-batch-asr", "yc-speechkit-batch-asr\yc-speechkit-batch-asr.csproj", "{C3DE9DF5-0361-4797-BEFC-AC385AF67DCD}"
EndProject
Project("{9A19103F-16F7-4668-BE54-9A1E7A4F7556}") = "yc-speechkit-hybrid", "yc-speechkit-hybrid\yc-speechkit-hybrid.csproj", "{C6BA12C0-0FAF-4EF9-8AA5-DA0C96253396}"
EndProject
Global
	GlobalSection(SolutionConfigurationPlatforms) = preSolution
		Debug|Any CPU = Debug|Any CPU
		Debug|ARM = Debug|ARM
		Debug|ARM64 = Debug|ARM64
		Debug|x64 = Debug|x64
		Debug|x86 = Debug|x86
		Release|Any CPU = Release|Any CPU
		Release|ARM = Release|ARM
		Release|ARM64 = Release|ARM64
		Release|x64 = Release|x64
		Release|x86 = Release|x86
	EndGlobalSection
	GlobalSection(ProjectConfigurationPlatforms) = postSolution
		{FDAEF4AC-84E8-4655-9B51-238BB3B307B6}.Debug|Any CPU.ActiveCfg = Debug|Any CPU
		{FDAEF4AC-84E8-4655-9B51-238BB3B307B6}.Debug|Any CPU.Build.0 = Debug|Any CPU
		{FDAEF4AC-84E8-4655-9B51-238BB3B307B6}.Debug|ARM.ActiveCfg = Debug|Any CPU
		{FDAEF4AC-84E8-4655-9B51-238BB3B307B6}.Debug|ARM.Build.0 = Debug|Any CPU
		{FDAEF4AC-84E8-4655-9B51-238BB3B307B6}.Debug|ARM64.ActiveCfg = Debug|Any CPU
		{FDAEF4AC-84E8-4655-9B51-238BB3B307B6}.Debug|ARM64.Build.0 = Debug|Any CPU
		{FDAEF4AC-84E8-4655-9B51-238BB3B307B6}.Debug|x64.ActiveCfg = Debug|Any CPU
		{FDAEF4AC-84E8-4655-9B51-238BB3B307B6}.Debug|x64.Build.0 = Debug|Any CPU
		{FDAEF4AC-84E8-4655-9B51-238BB3B307B6}.Debug|x86.ActiveCfg = Debug|Any CPU
		{FDAEF4AC-84E8-4655-9B51-238BB3B307B6}.Debug|x86.Build.0 = Debug|Any CPU
		{FDAEF4AC-84E8-4655-9B51-238BB3B307B6}.Release|Any CPU.ActiveCfg = Release|Any CPU
		{FDAEF4AC-84E8-4655-9B51-238BB3B307B6}.Release|Any CPU.Build.0 = Release|Any CPU
		{FDAEF4AC-84E8-4655-9B51-238BB3B307B6}.Release|ARM.ActiveCfg = Release|Any CPU
		{FDAEF4AC-84E8-4655-9B51-238BB3B307B6}.Release|ARM.Build.0 = Release|Any CPU
		{FDAEF4AC-84E8-4655-9B51-238BB3B307B6}.Release|ARM64.ActiveCfg = Release|Any CPU
		{FDAEF4AC-84E8-4655-9B51-238BB3B307B6}.Release|ARM64.Build.0 = Release|Any CPU
		{FDAEF4AC-84E8-4655-9B51-238BB3B307B6}.Release|x64.ActiveCfg = Release|Any CPU
		{FDAEF4AC-84E8-4655-9B51-238BB3B307B6}.Release|x64.Build.0 = Release|Any CPU
		{FDAEF4AC-84E8-4655-9B51-238BB3B307B6}.Release|x86.ActiveCfg = Release|Any CPU
		{FDAEF4AC-84E8-4655-9B51-238BB3B307B6}.Release|x86.Build.0 = Release|Any CPU
		{C3DE9DF5-0361-4797-BEFC-AC385AF67DCD}.Debug|Any CPU.ActiveCfg = Debug|Any CPU
		{C3DE9DF5-0361-4797-BEFC-AC385AF67DCD}.Debug|Any CPU.Build.0 = Debug|Any CPU
		{C3DE9DF5-0361-4797-BEFC-AC385AF67DCD}.Debug|ARM.ActiveCfg = Debug|Any CPU
		{C3DE9DF5-0361-4797-BEFC-AC385AF67DCD}.Debug|ARM.Build.0 = Debug|Any CPU
		{C3DE9DF5-0361-4797-BEFC-AC385AF67DCD}.Debug|ARM64.ActiveCfg = Debug|Any CPU
		{C3DE9DF5-0361-4797-BEFC-AC385AF67DCD}.Debug|ARM64.Build.0 = Debug|Any CPU
		{C3DE9DF5-0361-4797-BEFC-AC385AF67DCD}.Debug|x64.ActiveCfg = Debug|Any CPU
		{C3DE9DF5-0361-4797-BEFC-AC385AF67DCD}.Debug|x64.Build.0 = Debug|Any CPU
		{C3DE9DF5-0361-4797-BEFC-AC385AF67DCD}.Debug|x86.ActiveCfg = Debug|Any CPU
		{C3DE9DF5-0361-4797-BEFC-AC385AF67DCD}.Debug|x86.Build.0 = Debug|Any CPU
		{C3DE9DF5-0361-4797-BEFC-AC385AF67DCD}.Release|Any CPU.ActiveCfg = Release|Any CPU
		{C3DE9DF5-0361-4797-BEFC-AC385AF67DCD}.Release|Any CPU.Build.0 = Release|Any CPU
		{C3DE9DF5-0361-4797-BEFC-AC385AF67DCD}.Release|ARM.ActiveCfg = Release|Any CPU
		{C3DE9DF5-0361-4797-BEFC-AC385AF67DCD}.Release|ARM.Build.0 = Release|Any CPU
		{C3DE9DF5-0361-4797-BEFC-AC385AF67DCD}.Release|ARM64.ActiveCfg = Release|Any CPU
		{C3DE9DF5-0361-4797-BEFC-AC385AF67DCD}.Release|ARM64.Build.0 = Release|Any CPU
		{C3DE9DF5-0361-4797-BEFC-AC385AF67DCD}.Release|x64.ActiveCfg = Release|Any CPU
		{C3DE9DF5-0361-4797-BEFC-AC385AF67DCD}.Release|x64.Build.0 = Release|Any CPU
		{C3DE9DF5-0361-4797-BEFC-AC385AF67DCD}.Release|x86.ActiveCfg = Release|Any CPU
		{C3DE9DF5-0361-4797-BEFC-AC385AF67DCD}.Release|x86.Build.0 = Release|Any CPU
		{C6BA12C0-0FAF-4EF9-8AA5-DA0C96253396}.Debug|Any CPU.ActiveCfg = Debug|Any CPU
		{C6BA12C0-0FAF-4EF9-8AA5-DA0C96253396}.Debug|Any CPU.Build.0 = Debug|Any CPU
		{C6BA12C0-0FAF-4EF9-8AA5-DA0C96253396}.Debug|ARM.ActiveCfg = Debug|Any CPU
		{C6BA12C0-0FAF-4EF9-8AA5-DA0C96253396}.Debug|ARM.Build.0 = Debug|Any CPU
		{C6BA12C0-0FAF-4EF9-8AA5-DA0C96253396}.Debug|ARM64.ActiveCfg = Debug|Any CPU
		{C6BA12C0-0FAF-4EF9-8AA5-DA0C96253396}.Debug|ARM64.Build.0 = Debug|Any CPU
		{C6BA12C0-0FAF-4EF9-8AA5-DA0C96253396}.Debug|x64.ActiveCfg = Debug|Any CPU
		{C6BA12C0-0FAF-4EF9-8AA5-DA0C96253396}.Debug|x64.Build.0 = Debug|Any CPU
		{C6BA12C0-0FAF-4EF9-8AA5-DA0C96253396}.Debug|x86.ActiveCfg = Debug|Any CPU
		{C6BA12C0-0FAF-4EF9-8AA5-DA0C96253396}.Debug|x86.Build.0 = Debug|Any CPU
		{C6BA12C0-0FAF-4EF9-8AA5-DA0C96253396}.Release|Any CPU.ActiveCfg = Release|Any CPU
		{C6BA12C0-0FAF-4EF9-8AA5-DA0C96253396}.Release|Any CPU.Build.0 = Release|Any CPU
		{C6BA12C0-0FAF-4EF9-8AA5-DA0C96253396}.Release|ARM.ActiveCfg = Release|Any CPU
		{C6BA12C0-0FAF-4EF9-8AA5-DA0C96253396}.Release|ARM.Build.0 = Release|Any CPU
		{C6BA12C0-0FAF-4EF9-8AA5-DA0C96253396}.Release|ARM64.ActiveCfg = Release|Any CPU
		{C6BA12C0-0FAF-4EF9-8AA5-DA0C96253396}.Release|ARM64.Build.0 = Release|Any CPU
		{C6BA12C0-0FAF-4EF9-8AA5-DA0C96253396}.Release|x64.ActiveCfg = Release|Any CPU
		{C6BA12C0-0FAF-4EF9-8AA5-DA0C96253396}.Release|x64.Build.0 = Release|Any CPU
		{C6BA12C0-0FAF-4EF9-8AA5-DA0C96253396}.Release|x86.ActiveCfg = Release|Any CPU
		{C6BA12C0-0FAF-4EF9-8AA5-DA0C96253396}.Release|x86.Build.0 = Release|Any CPU
	EndGlobalSection
	GlobalSection(SolutionProperties) = preSolution
		HideSolutionNode = FALSE
	EndGlobalSection
	GlobalSection(ExtensibilityGlobals) = postSolution
		SolutionGuid = {0F630E9D-EFD0-4459-B27D-193B8470296D}
	EndGlobalSection
EndGlobal
