
Microsoft Visual Studio Solution File, Format Version 12.00
# Visual Studio Version 17
VisualStudioVersion = 17.4.32804.182
MinimumVisualStudioVersion = 10.0.40219.1
Project("{FAE04EC0-301F-11D3-BF4B-00C04F79EFBC}") = "YC.DataStreams.DataExchange.Consumer", "YC.DataStreams.DataExchange.Consumer\YC.DataStreams.DataExchange.Consumer.csproj", "{2360A11F-C544-446D-B707-D177B31CBE69}"
EndProject
Project("{FAE04EC0-301F-11D3-BF4B-00C04F79EFBC}") = "YC.DataStreams.DataExchange.Producer", "YC.DataStreams.DataExchange.Producer\YC.DataStreams.DataExchange.Producer.csproj", "{3BA0E2DA-DD00-48EC-B1C8-1C6F38F96867}"
EndProject
Project("{FAE04EC0-301F-11D3-BF4B-00C04F79EFBC}") = "YC.DataStreams.DataExchange.Shared", "YC.DataStreams.DataExchange.Shared\YC.DataStreams.DataExchange.Shared.csproj", "{2A60ADB6-39A3-490B-B75E-F1936D0D273D}"
EndProject
Global
	GlobalSection(SolutionConfigurationPlatforms) = preSolution
		Debug|Any CPU = Debug|Any CPU
		Release|Any CPU = Release|Any CPU
	EndGlobalSection
	GlobalSection(ProjectConfigurationPlatforms) = postSolution
		{2360A11F-C544-446D-B707-D177B31CBE69}.Debug|Any CPU.ActiveCfg = Debug|Any CPU
		{2360A11F-C544-446D-B707-D177B31CBE69}.Debug|Any CPU.Build.0 = Debug|Any CPU
		{2360A11F-C544-446D-B707-D177B31CBE69}.Release|Any CPU.ActiveCfg = Release|Any CPU
		{2360A11F-C544-446D-B707-D177B31CBE69}.Release|Any CPU.Build.0 = Release|Any CPU
		{3BA0E2DA-DD00-48EC-B1C8-1C6F38F96867}.Debug|Any CPU.ActiveCfg = Debug|Any CPU
		{3BA0E2DA-DD00-48EC-B1C8-1C6F38F96867}.Debug|Any CPU.Build.0 = Debug|Any CPU
		{3BA0E2DA-DD00-48EC-B1C8-1C6F38F96867}.Release|Any CPU.ActiveCfg = Release|Any CPU
		{3BA0E2DA-DD00-48EC-B1C8-1C6F38F96867}.Release|Any CPU.Build.0 = Release|Any CPU
		{2A60ADB6-39A3-490B-B75E-F1936D0D273D}.Debug|Any CPU.ActiveCfg = Debug|Any CPU
		{2A60ADB6-39A3-490B-B75E-F1936D0D273D}.Debug|Any CPU.Build.0 = Debug|Any CPU
		{2A60ADB6-39A3-490B-B75E-F1936D0D273D}.Release|Any CPU.ActiveCfg = Release|Any CPU
		{2A60ADB6-39A3-490B-B75E-F1936D0D273D}.Release|Any CPU.Build.0 = Release|Any CPU
	EndGlobalSection
	GlobalSection(SolutionProperties) = preSolution
		HideSolutionNode = FALSE
	EndGlobalSection
	GlobalSection(ExtensibilityGlobals) = postSolution
		SolutionGuid = {CC161342-9792-4C32-86FA-A6EC81D6038F}
	EndGlobalSection
EndGlobal
