{
  "requires": true,
  "lockfileVersion": 1,
  "dependencies": {
    "bem-cn": {
      "version": "3.0.1",
      "resolved": "https://registry.npmjs.org/bem-cn/-/bem-cn-3.0.1.tgz",
      "integrity": "sha512-kWC76a09vSk6cJXDYsH1erjxdBf856HTxl0IHOvYItSmBC6wQCsRCf9bmKR0hmeUDcUP5XPMr8MNXDgKbKJi0A=="
    },
    "bem-cn-lite": {
      "version": "4.1.0",
      "resolved": "https://registry.npmjs.org/bem-cn-lite/-/bem-cn-lite-4.1.0.tgz",
      "integrity": "sha512-0IEVRYK2MQKQO00P3sY3hNv7vH8P+Z8mR46qFcaiwsQAWp0MuMWpLSuUUhZEjKD2HzTGXMqMsFysWEeeJa1drQ==",
      "requires": {
        "bem-cn": "^3.0.1"
      }
    }
  }
}
